PODS:
  - Flutter (1.0.0)
  - FlutterPluginRegistrant (0.0.1):
    - Flutter
  - test_flutter (0.0.1):
    - Flutter

DEPENDENCIES:
  - Flutter (from `../flutter_module/.ios/Flutter/engine`)
  - FlutterPluginRegistrant (from `../flutter_module/.ios/Flutter/FlutterPluginRegistrant`)
  - test_flutter (from `../flutter_module/.ios/Flutter`)

EXTERNAL SOURCES:
  Flutter:
    :path: "../flutter_module/.ios/Flutter/engine"
  FlutterPluginRegistrant:
    :path: "../flutter_module/.ios/Flutter/FlutterPluginRegistrant"
  test_flutter:
    :path: "../flutter_module/.ios/Flutter"

SPEC CHECKSUMS:
  Flutter: bdfa2e8fe0e2880a2c6a58a0b1a8675c262a07af
  FlutterPluginRegistrant: 2afd5ea46d3a949472c9b7da6462d8fbf7d8b16e
  test_flutter: 4265ea1574aeea41e4c72382c305f24013bfae07

PODFILE CHECKSUM: 3f59df507edd261d94cf22713d8569024446165b

COCOAPODS: 1.11.3
