// !$*UTF8*$!
{
	archiveVersion = 1;
	classes = {
	};
	objectVersion = 51;
	objects = {

/* Begin PBXBuildFile section */
		134EBC7325E696C1006E434A /* FlutterModule.swift in Sources */ = {isa = PBXBuildFile; fileRef = 134EBC7225E696C1006E434A /* FlutterModule.swift */; };
		134EBCA225E6994D006E434A /* FlutterNavigatorManager.swift in Sources */ = {isa = PBXBuildFile; fileRef = 134EBCA125E6994D006E434A /* FlutterNavigatorManager.swift */; };
		134EBCA525E6DD1E006E434A /* FlutterChannelManager.swift in Sources */ = {isa = PBXBuildFile; fileRef = 134EBCA425E6DD1E006E434A /* FlutterChannelManager.swift */; };
		135BCE8D25C3259900AEDF98 /* AppDelegate.swift in Sources */ = {isa = PBXBuildFile; fileRef = 135BCE8C25C3259900AEDF98 /* AppDelegate.swift */; };
		135BCE8F25C3259900AEDF98 /* SceneDelegate.swift in Sources */ = {isa = PBXBuildFile; fileRef = 135BCE8E25C3259900AEDF98 /* SceneDelegate.swift */; };
		135BCE9125C3259900AEDF98 /* ViewController.swift in Sources */ = {isa = PBXBuildFile; fileRef = 135BCE9025C3259900AEDF98 /* ViewController.swift */; };
		135BCE9425C3259900AEDF98 /* Main.storyboard in Resources */ = {isa = PBXBuildFile; fileRef = 135BCE9225C3259900AEDF98 /* Main.storyboard */; };
		135BCE9625C3259A00AEDF98 /* Assets.xcassets in Resources */ = {isa = PBXBuildFile; fileRef = 135BCE9525C3259A00AEDF98 /* Assets.xcassets */; };
		135BCE9925C3259A00AEDF98 /* LaunchScreen.storyboard in Resources */ = {isa = PBXBuildFile; fileRef = 135BCE9725C3259A00AEDF98 /* LaunchScreen.storyboard */; };
		135BCEA225C3276300AEDF98 /* Podfile in Resources */ = {isa = PBXBuildFile; fileRef = 135BCEA125C3276300AEDF98 /* Podfile */; };
		AE0A75920077C1891D6829F7 /* libPods-IOSFlutterEmbbeded.a in Frameworks */ = {isa = PBXBuildFile; fileRef = DFC231B0AAB2FF2CC31B702A /* libPods-IOSFlutterEmbbeded.a */; };
/* End PBXBuildFile section */

/* Begin PBXFileReference section */
		0791496F4470F0A6AB3E8824 /* Pods-IOSFlutterEmbbeded.release.xcconfig */ = {isa = PBXFileReference; includeInIndex = 1; lastKnownFileType = text.xcconfig; name = "Pods-IOSFlutterEmbbeded.release.xcconfig"; path = "Target Support Files/Pods-IOSFlutterEmbbeded/Pods-IOSFlutterEmbbeded.release.xcconfig"; sourceTree = "<group>"; };
		134EBC7225E696C1006E434A /* FlutterModule.swift */ = {isa = PBXFileReference; lastKnownFileType = sourcecode.swift; path = FlutterModule.swift; sourceTree = "<group>"; };
		134EBCA125E6994D006E434A /* FlutterNavigatorManager.swift */ = {isa = PBXFileReference; lastKnownFileType = sourcecode.swift; path = FlutterNavigatorManager.swift; sourceTree = "<group>"; };
		134EBCA425E6DD1E006E434A /* FlutterChannelManager.swift */ = {isa = PBXFileReference; lastKnownFileType = sourcecode.swift; path = FlutterChannelManager.swift; sourceTree = "<group>"; };
		135BCE8925C3259900AEDF98 /* IOSFlutterEmbbeded.app */ = {isa = PBXFileReference; explicitFileType = wrapper.application; includeInIndex = 0; path = IOSFlutterEmbbeded.app; sourceTree = BUILT_PRODUCTS_DIR; };
		135BCE8C25C3259900AEDF98 /* AppDelegate.swift */ = {isa = PBXFileReference; lastKnownFileType = sourcecode.swift; path = AppDelegate.swift; sourceTree = "<group>"; };
		135BCE8E25C3259900AEDF98 /* SceneDelegate.swift */ = {isa = PBXFileReference; lastKnownFileType = sourcecode.swift; path = SceneDelegate.swift; sourceTree = "<group>"; };
		135BCE9025C3259900AEDF98 /* ViewController.swift */ = {isa = PBXFileReference; lastKnownFileType = sourcecode.swift; path = ViewController.swift; sourceTree = "<group>"; };
		135BCE9325C3259900AEDF98 /* Base */ = {isa = PBXFileReference; lastKnownFileType = file.storyboard; name = Base; path = Base.lproj/Main.storyboard; sourceTree = "<group>"; };
		135BCE9525C3259A00AEDF98 /* Assets.xcassets */ = {isa = PBXFileReference; lastKnownFileType = folder.assetcatalog; path = Assets.xcassets; sourceTree = "<group>"; };
		135BCE9825C3259A00AEDF98 /* Base */ = {isa = PBXFileReference; lastKnownFileType = file.storyboard; name = Base; path = Base.lproj/LaunchScreen.storyboard; sourceTree = "<group>"; };
		135BCE9A25C3259A00AEDF98 /* Info.plist */ = {isa = PBXFileReference; lastKnownFileType = text.plist.xml; path = Info.plist; sourceTree = "<group>"; };
		135BCEA125C3276300AEDF98 /* Podfile */ = {isa = PBXFileReference; lastKnownFileType = text; path = Podfile; sourceTree = "<group>"; xcLanguageSpecificationIdentifier = xcode.lang.ruby; };
		DE610F8A3DFFC4EE561EABDB /* Pods-IOSFlutterEmbbeded.debug.xcconfig */ = {isa = PBXFileReference; includeInIndex = 1; lastKnownFileType = text.xcconfig; name = "Pods-IOSFlutterEmbbeded.debug.xcconfig"; path = "Target Support Files/Pods-IOSFlutterEmbbeded/Pods-IOSFlutterEmbbeded.debug.xcconfig"; sourceTree = "<group>"; };
		DFC231B0AAB2FF2CC31B702A /* libPods-IOSFlutterEmbbeded.a */ = {isa = PBXFileReference; explicitFileType = archive.ar; includeInIndex = 0; path = "libPods-IOSFlutterEmbbeded.a"; sourceTree = BUILT_PRODUCTS_DIR; };
/* End PBXFileReference section */

/* Begin PBXFrameworksBuildPhase section */
		135BCE8625C3259900AEDF98 /* Frameworks */ = {
			isa = PBXFrameworksBuildPhase;
			buildActionMask = 2147483647;
			files = (
				AE0A75920077C1891D6829F7 /* libPods-IOSFlutterEmbbeded.a in Frameworks */,
			);
			runOnlyForDeploymentPostprocessing = 0;
		};
/* End PBXFrameworksBuildPhase section */

/* Begin PBXGroup section */
		134EBCA025E69924006E434A /* flutter */ = {
			isa = PBXGroup;
			children = (
				134EBC7225E696C1006E434A /* FlutterModule.swift */,
				134EBCA125E6994D006E434A /* FlutterNavigatorManager.swift */,
				134EBCA425E6DD1E006E434A /* FlutterChannelManager.swift */,
			);
			name = flutter;
			sourceTree = "<group>";
		};
		135BCE8025C3259900AEDF98 = {
			isa = PBXGroup;
			children = (
				135BCEA125C3276300AEDF98 /* Podfile */,
				135BCE8B25C3259900AEDF98 /* IOSFlutterEmbbeded */,
				135BCE8A25C3259900AEDF98 /* Products */,
				95FA4C3EEAFDEE41312FB20A /* Pods */,
				69FE4ED65F0F378D265DE66F /* Frameworks */,
			);
			sourceTree = "<group>";
		};
		135BCE8A25C3259900AEDF98 /* Products */ = {
			isa = PBXGroup;
			children = (
				135BCE8925C3259900AEDF98 /* IOSFlutterEmbbeded.app */,
			);
			name = Products;
			sourceTree = "<group>";
		};
		135BCE8B25C3259900AEDF98 /* IOSFlutterEmbbeded */ = {
			isa = PBXGroup;
			children = (
				134EBCA025E69924006E434A /* flutter */,
				135BCE8C25C3259900AEDF98 /* AppDelegate.swift */,
				135BCE8E25C3259900AEDF98 /* SceneDelegate.swift */,
				135BCE9025C3259900AEDF98 /* ViewController.swift */,
				135BCE9225C3259900AEDF98 /* Main.storyboard */,
				135BCE9525C3259A00AEDF98 /* Assets.xcassets */,
				135BCE9725C3259A00AEDF98 /* LaunchScreen.storyboard */,
				135BCE9A25C3259A00AEDF98 /* Info.plist */,
			);
			path = IOSFlutterEmbbeded;
			sourceTree = "<group>";
		};
		69FE4ED65F0F378D265DE66F /* Frameworks */ = {
			isa = PBXGroup;
			children = (
				DFC231B0AAB2FF2CC31B702A /* libPods-IOSFlutterEmbbeded.a */,
			);
			name = Frameworks;
			sourceTree = "<group>";
		};
		95FA4C3EEAFDEE41312FB20A /* Pods */ = {
			isa = PBXGroup;
			children = (
				DE610F8A3DFFC4EE561EABDB /* Pods-IOSFlutterEmbbeded.debug.xcconfig */,
				0791496F4470F0A6AB3E8824 /* Pods-IOSFlutterEmbbeded.release.xcconfig */,
			);
			path = Pods;
			sourceTree = "<group>";
		};
/* End PBXGroup section */

/* Begin PBXNativeTarget section */
		135BCE8825C3259900AEDF98 /* IOSFlutterEmbbeded */ = {
			isa = PBXNativeTarget;
			buildConfigurationList = 135BCE9D25C3259A00AEDF98 /* Build configuration list for PBXNativeTarget "IOSFlutterEmbbeded" */;
			buildPhases = (
				BEA22D36B8796D1E89E7AE38 /* [CP] Check Pods Manifest.lock */,
				00A0BB3807B6B92AFB966D09 /* [CP-User] Run Flutter Build test_flutter Script */,
				135BCE8525C3259900AEDF98 /* Sources */,
				135BCE8625C3259900AEDF98 /* Frameworks */,
				135BCE8725C3259900AEDF98 /* Resources */,
				13FC033B2825781D0059B544 /* Embed Flutter */,
				31ADF7AC0EAAFC082B733B20 /* [CP-User] Embed Flutter Build test_flutter Script */,
			);
			buildRules = (
			);
			dependencies = (
			);
			name = IOSFlutterEmbbeded;
			productName = IOSFlutterEmbbeded;
			productReference = 135BCE8925C3259900AEDF98 /* IOSFlutterEmbbeded.app */;
			productType = "com.apple.product-type.application";
		};
/* End PBXNativeTarget section */

/* Begin PBXProject section */
		135BCE8125C3259900AEDF98 /* Project object */ = {
			isa = PBXProject;
			attributes = {
				LastSwiftUpdateCheck = 1200;
				LastUpgradeCheck = 1200;
				TargetAttributes = {
					135BCE8825C3259900AEDF98 = {
						CreatedOnToolsVersion = 12.0.1;
					};
				};
			};
			buildConfigurationList = 135BCE8425C3259900AEDF98 /* Build configuration list for PBXProject "IOSFlutterEmbbeded" */;
			compatibilityVersion = "Xcode 9.3";
			developmentRegion = en;
			hasScannedForEncodings = 0;
			knownRegions = (
				en,
				Base,
			);
			mainGroup = 135BCE8025C3259900AEDF98;
			productRefGroup = 135BCE8A25C3259900AEDF98 /* Products */;
			projectDirPath = "";
			projectRoot = "";
			targets = (
				135BCE8825C3259900AEDF98 /* IOSFlutterEmbbeded */,
			);
		};
/* End PBXProject section */

/* Begin PBXResourcesBuildPhase section */
		135BCE8725C3259900AEDF98 /* Resources */ = {
			isa = PBXResourcesBuildPhase;
			buildActionMask = 2147483647;
			files = (
				135BCE9925C3259A00AEDF98 /* LaunchScreen.storyboard in Resources */,
				135BCE9625C3259A00AEDF98 /* Assets.xcassets in Resources */,
				135BCEA225C3276300AEDF98 /* Podfile in Resources */,
				135BCE9425C3259900AEDF98 /* Main.storyboard in Resources */,
			);
			runOnlyForDeploymentPostprocessing = 0;
		};
/* End PBXResourcesBuildPhase section */

/* Begin PBXShellScriptBuildPhase section */
		00A0BB3807B6B92AFB966D09 /* [CP-User] Run Flutter Build test_flutter Script */ = {
			isa = PBXShellScriptBuildPhase;
			buildActionMask = 12;
			files = (
			);
			name = "[CP-User] Run Flutter Build test_flutter Script";
			runOnlyForDeploymentPostprocessing = 0;
			shellPath = /bin/sh;
			shellScript = "set -e\nset -u\nsource \"${SRCROOT}/../flutter_module/.ios/Flutter/flutter_export_environment.sh\"\nexport VERBOSE_SCRIPT_LOGGING=1 && \"$FLUTTER_ROOT\"/packages/flutter_tools/bin/xcode_backend.sh build";
		};
		13FC033B2825781D0059B544 /* Embed Flutter */ = {
			isa = PBXShellScriptBuildPhase;
			buildActionMask = 2147483647;
			files = (
			);
			inputFileListPaths = (
			);
			inputPaths = (
			);
			name = "Embed Flutter";
			outputFileListPaths = (
			);
			outputPaths = (
			);
			runOnlyForDeploymentPostprocessing = 0;
			shellPath = /bin/sh;
			shellScript = "set -e\nset -u\nsource \"${SRCROOT}/../flutter_module/.ios/Flutter/flutter_export_environment.sh\"\nexport VERBOSE_SCRIPT_LOGGING=1 && \"$FLUTTER_ROOT\"/packages/flutter_tools/bin/xcode_backend.sh embed\n";
		};
		31ADF7AC0EAAFC082B733B20 /* [CP-User] Embed Flutter Build test_flutter Script */ = {
			isa = PBXShellScriptBuildPhase;
			buildActionMask = 2147483647;
			files = (
			);
			name = "[CP-User] Embed Flutter Build test_flutter Script";
			runOnlyForDeploymentPostprocessing = 0;
			shellPath = /bin/sh;
			shellScript = "set -e\nset -u\nsource \"${SRCROOT}/../flutter_module/.ios/Flutter/flutter_export_environment.sh\"\nexport VERBOSE_SCRIPT_LOGGING=1 && \"$FLUTTER_ROOT\"/packages/flutter_tools/bin/xcode_backend.sh embed_and_thin";
		};
		BEA22D36B8796D1E89E7AE38 /* [CP] Check Pods Manifest.lock */ = {
			isa = PBXShellScriptBuildPhase;
			buildActionMask = 2147483647;
			files = (
			);
			inputFileListPaths = (
			);
			inputPaths = (
				"${PODS_PODFILE_DIR_PATH}/Podfile.lock",
				"${PODS_ROOT}/Manifest.lock",
			);
			name = "[CP] Check Pods Manifest.lock";
			outputFileListPaths = (
			);
			outputPaths = (
				"$(DERIVED_FILE_DIR)/Pods-IOSFlutterEmbbeded-checkManifestLockResult.txt",
			);
			runOnlyForDeploymentPostprocessing = 0;
			shellPath = /bin/sh;
			shellScript = "diff \"${PODS_PODFILE_DIR_PATH}/Podfile.lock\" \"${PODS_ROOT}/Manifest.lock\" > /dev/null\nif [ $? != 0 ] ; then\n    # print error to STDERR\n    echo \"error: The sandbox is not in sync with the Podfile.lock. Run 'pod install' or update your CocoaPods installation.\" >&2\n    exit 1\nfi\n# This output is used by Xcode 'outputs' to avoid re-running this script phase.\necho \"SUCCESS\" > \"${SCRIPT_OUTPUT_FILE_0}\"\n";
			showEnvVarsInLog = 0;
		};
/* End PBXShellScriptBuildPhase section */

/* Begin PBXSourcesBuildPhase section */
		135BCE8525C3259900AEDF98 /* Sources */ = {
			isa = PBXSourcesBuildPhase;
			buildActionMask = 2147483647;
			files = (
				134EBCA225E6994D006E434A /* FlutterNavigatorManager.swift in Sources */,
				135BCE9125C3259900AEDF98 /* ViewController.swift in Sources */,
				135BCE8D25C3259900AEDF98 /* AppDelegate.swift in Sources */,
				134EBC7325E696C1006E434A /* FlutterModule.swift in Sources */,
				134EBCA525E6DD1E006E434A /* FlutterChannelManager.swift in Sources */,
				135BCE8F25C3259900AEDF98 /* SceneDelegate.swift in Sources */,
			);
			runOnlyForDeploymentPostprocessing = 0;
		};
/* End PBXSourcesBuildPhase section */

/* Begin PBXVariantGroup section */
		135BCE9225C3259900AEDF98 /* Main.storyboard */ = {
			isa = PBXVariantGroup;
			children = (
				135BCE9325C3259900AEDF98 /* Base */,
			);
			name = Main.storyboard;
			sourceTree = "<group>";
		};
		135BCE9725C3259A00AEDF98 /* LaunchScreen.storyboard */ = {
			isa = PBXVariantGroup;
			children = (
				135BCE9825C3259A00AEDF98 /* Base */,
			);
			name = LaunchScreen.storyboard;
			sourceTree = "<group>";
		};
/* End PBXVariantGroup section */

/* Begin XCBuildConfiguration section */
		135BCE9B25C3259A00AEDF98 /* Debug */ = {
			isa = XCBuildConfiguration;
			buildSettings = {
				ALWAYS_SEARCH_USER_PATHS = NO;
				CLANG_ANALYZER_NONNULL = YES;
				CLANG_ANALYZER_NUMBER_OBJECT_CONVERSION = YES_AGGRESSIVE;
				CLANG_CXX_LANGUAGE_STANDARD = "gnu++14";
				CLANG_CXX_LIBRARY = "libc++";
				CLANG_ENABLE_MODULES = YES;
				CLANG_ENABLE_OBJC_ARC = YES;
				CLANG_ENABLE_OBJC_WEAK = YES;
				CLANG_WARN_BLOCK_CAPTURE_AUTORELEASING = YES;
				CLANG_WARN_BOOL_CONVERSION = YES;
				CLANG_WARN_COMMA = YES;
				CLANG_WARN_CONSTANT_CONVERSION = YES;
				CLANG_WARN_DEPRECATED_OBJC_IMPLEMENTATIONS = YES;
				CLANG_WARN_DIRECT_OBJC_ISA_USAGE = YES_ERROR;
				CLANG_WARN_DOCUMENTATION_COMMENTS = YES;
				CLANG_WARN_EMPTY_BODY = YES;
				CLANG_WARN_ENUM_CONVERSION = YES;
				CLANG_WARN_INFINITE_RECURSION = YES;
				CLANG_WARN_INT_CONVERSION = YES;
				CLANG_WARN_NON_LITERAL_NULL_CONVERSION = YES;
				CLANG_WARN_OBJC_IMPLICIT_RETAIN_SELF = YES;
				CLANG_WARN_OBJC_LITERAL_CONVERSION = YES;
				CLANG_WARN_OBJC_ROOT_CLASS = YES_ERROR;
				CLANG_WARN_QUOTED_INCLUDE_IN_FRAMEWORK_HEADER = YES;
				CLANG_WARN_RANGE_LOOP_ANALYSIS = YES;
				CLANG_WARN_STRICT_PROTOTYPES = YES;
				CLANG_WARN_SUSPICIOUS_MOVE = YES;
				CLANG_WARN_UNGUARDED_AVAILABILITY = YES_AGGRESSIVE;
				CLANG_WARN_UNREACHABLE_CODE = YES;
				CLANG_WARN__DUPLICATE_METHOD_MATCH = YES;
				COPY_PHASE_STRIP = NO;
				DEBUG_INFORMATION_FORMAT = dwarf;
				ENABLE_STRICT_OBJC_MSGSEND = YES;
				ENABLE_TESTABILITY = YES;
				GCC_C_LANGUAGE_STANDARD = gnu11;
				GCC_DYNAMIC_NO_PIC = NO;
				GCC_NO_COMMON_BLOCKS = YES;
				GCC_OPTIMIZATION_LEVEL = 0;
				GCC_PREPROCESSOR_DEFINITIONS = (
					"DEBUG=1",
					"$(inherited)",
				);
				GCC_WARN_64_TO_32_BIT_CONVERSION = YES;
				GCC_WARN_ABOUT_RETURN_TYPE = YES_ERROR;
				GCC_WARN_UNDECLARED_SELECTOR = YES;
				GCC_WARN_UNINITIALIZED_AUTOS = YES_AGGRESSIVE;
				GCC_WARN_UNUSED_FUNCTION = YES;
				GCC_WARN_UNUSED_VARIABLE = YES;
				IPHONEOS_DEPLOYMENT_TARGET = 14.0;
				MTL_ENABLE_DEBUG_INFO = INCLUDE_SOURCE;
				MTL_FAST_MATH = YES;
				ONLY_ACTIVE_ARCH = YES;
				SDKROOT = iphoneos;
				SWIFT_ACTIVE_COMPILATION_CONDITIONS = DEBUG;
				SWIFT_OPTIMIZATION_LEVEL = "-Onone";
			};
			name = Debug;
		};
		135BCE9C25C3259A00AEDF98 /* Release */ = {
			isa = XCBuildConfiguration;
			buildSettings = {
				ALWAYS_SEARCH_USER_PATHS = NO;
				CLANG_ANALYZER_NONNULL = YES;
				CLANG_ANALYZER_NUMBER_OBJECT_CONVERSION = YES_AGGRESSIVE;
				CLANG_CXX_LANGUAGE_STANDARD = "gnu++14";
				CLANG_CXX_LIBRARY = "libc++";
				CLANG_ENABLE_MODULES = YES;
				CLANG_ENABLE_OBJC_ARC = YES;
				CLANG_ENABLE_OBJC_WEAK = YES;
				CLANG_WARN_BLOCK_CAPTURE_AUTORELEASING = YES;
				CLANG_WARN_BOOL_CONVERSION = YES;
				CLANG_WARN_COMMA = YES;
				CLANG_WARN_CONSTANT_CONVERSION = YES;
				CLANG_WARN_DEPRECATED_OBJC_IMPLEMENTATIONS = YES;
				CLANG_WARN_DIRECT_OBJC_ISA_USAGE = YES_ERROR;
				CLANG_WARN_DOCUMENTATION_COMMENTS = YES;
				CLANG_WARN_EMPTY_BODY = YES;
				CLANG_WARN_ENUM_CONVERSION = YES;
				CLANG_WARN_INFINITE_RECURSION = YES;
				CLANG_WARN_INT_CONVERSION = YES;
				CLANG_WARN_NON_LITERAL_NULL_CONVERSION = YES;
				CLANG_WARN_OBJC_IMPLICIT_RETAIN_SELF = YES;
				CLANG_WARN_OBJC_LITERAL_CONVERSION = YES;
				CLANG_WARN_OBJC_ROOT_CLASS = YES_ERROR;
				CLANG_WARN_QUOTED_INCLUDE_IN_FRAMEWORK_HEADER = YES;
				CLANG_WARN_RANGE_LOOP_ANALYSIS = YES;
				CLANG_WARN_STRICT_PROTOTYPES = YES;
				CLANG_WARN_SUSPICIOUS_MOVE = YES;
				CLANG_WARN_UNGUARDED_AVAILABILITY = YES_AGGRESSIVE;
				CLANG_WARN_UNREACHABLE_CODE = YES;
				CLANG_WARN__DUPLICATE_METHOD_MATCH = YES;
				COPY_PHASE_STRIP = NO;
				DEBUG_INFORMATION_FORMAT = "dwarf-with-dsym";
				ENABLE_NS_ASSERTIONS = NO;
				ENABLE_STRICT_OBJC_MSGSEND = YES;
				GCC_C_LANGUAGE_STANDARD = gnu11;
				GCC_NO_COMMON_BLOCKS = YES;
				GCC_WARN_64_TO_32_BIT_CONVERSION = YES;
				GCC_WARN_ABOUT_RETURN_TYPE = YES_ERROR;
				GCC_WARN_UNDECLARED_SELECTOR = YES;
				GCC_WARN_UNINITIALIZED_AUTOS = YES_AGGRESSIVE;
				GCC_WARN_UNUSED_FUNCTION = YES;
				GCC_WARN_UNUSED_VARIABLE = YES;
				IPHONEOS_DEPLOYMENT_TARGET = 14.0;
				MTL_ENABLE_DEBUG_INFO = NO;
				MTL_FAST_MATH = YES;
				SDKROOT = iphoneos;
				SWIFT_COMPILATION_MODE = wholemodule;
				SWIFT_OPTIMIZATION_LEVEL = "-O";
				VALIDATE_PRODUCT = YES;
			};
			name = Release;
		};
		135BCE9E25C3259A00AEDF98 /* Debug */ = {
			isa = XCBuildConfiguration;
			baseConfigurationReference = DE610F8A3DFFC4EE561EABDB /* Pods-IOSFlutterEmbbeded.debug.xcconfig */;
			buildSettings = {
				ARCHS = "$(ARCHS_STANDARD)";
				ASSETCATALOG_COMPILER_APPICON_NAME = AppIcon;
				ASSETCATALOG_COMPILER_GLOBAL_ACCENT_COLOR_NAME = AccentColor;
				CODE_SIGN_STYLE = Automatic;
				INFOPLIST_FILE = IOSFlutterEmbbeded/Info.plist;
				LD_RUNPATH_SEARCH_PATHS = (
					"$(inherited)",
					"@executable_path/Frameworks",
				);
				PRODUCT_BUNDLE_IDENTIFIER = com.rafaelbarbosatec.IOSFlutterEmbbeded;
				PRODUCT_NAME = "$(TARGET_NAME)";
				SWIFT_VERSION = 5.0;
				TARGETED_DEVICE_FAMILY = 1;
			};
			name = Debug;
		};
		135BCE9F25C3259A00AEDF98 /* Release */ = {
			isa = XCBuildConfiguration;
			baseConfigurationReference = 0791496F4470F0A6AB3E8824 /* Pods-IOSFlutterEmbbeded.release.xcconfig */;
			buildSettings = {
				ARCHS = "$(ARCHS_STANDARD)";
				ASSETCATALOG_COMPILER_APPICON_NAME = AppIcon;
				ASSETCATALOG_COMPILER_GLOBAL_ACCENT_COLOR_NAME = AccentColor;
				CODE_SIGN_STYLE = Automatic;
				INFOPLIST_FILE = IOSFlutterEmbbeded/Info.plist;
				LD_RUNPATH_SEARCH_PATHS = (
					"$(inherited)",
					"@executable_path/Frameworks",
				);
				PRODUCT_BUNDLE_IDENTIFIER = com.rafaelbarbosatec.IOSFlutterEmbbeded;
				PRODUCT_NAME = "$(TARGET_NAME)";
				SWIFT_VERSION = 5.0;
				TARGETED_DEVICE_FAMILY = 1;
			};
			name = Release;
		};
/* End XCBuildConfiguration section */

/* Begin XCConfigurationList section */
		135BCE8425C3259900AEDF98 /* Build configuration list for PBXProject "IOSFlutterEmbbeded" */ = {
			isa = XCConfigurationList;
			buildConfigurations = (
				135BCE9B25C3259A00AEDF98 /* Debug */,
				135BCE9C25C3259A00AEDF98 /* Release */,
			);
			defaultConfigurationIsVisible = 0;
			defaultConfigurationName = Release;
		};
		135BCE9D25C3259A00AEDF98 /* Build configuration list for PBXNativeTarget "IOSFlutterEmbbeded" */ = {
			isa = XCConfigurationList;
			buildConfigurations = (
				135BCE9E25C3259A00AEDF98 /* Debug */,
				135BCE9F25C3259A00AEDF98 /* Release */,
			);
			defaultConfigurationIsVisible = 0;
			defaultConfigurationName = Release;
		};
/* End XCConfigurationList section */
	};
	rootObject = 135BCE8125C3259900AEDF98 /* Project object */;
}
